
Microsoft Visual Studio Solution File, Format Version 12.00
# Visual Studio Version 17
VisualStudioVersion = 17.0.32014.148
MinimumVisualStudioVersion = 10.0.40219.1
Project("{9A19103F-16F7-4668-BE54-9A1E7A4F7556}") = "Iology.HeadlessUmbraco.Core", "src\Iology.HeadlessUmbraco.Core\Iology.HeadlessUmbraco.Core.csproj", "{725DF84B-0DB1-4134-8E93-EB39AF5CC2F8}"
EndProject
Project("{9A19103F-16F7-4668-BE54-9A1E7A4F7556}") = "Iology.HeadlessUmbraco.Swagger", "src\Iology.HeadlessUmbraco.Swagger\Iology.HeadlessUmbraco.Swagger.csproj", "{C0930BFE-589D-4243-BF75-7E5814EB5443}"
EndProject
Global
	GlobalSection(SolutionConfigurationPlatforms) = preSolution
		Debug|Any CPU = Debug|Any CPU
		Release|Any CPU = Release|Any CPU
	EndGlobalSection
	GlobalSection(ProjectConfigurationPlatforms) = postSolution
		{725DF84B-0DB1-4134-8E93-EB39AF5CC2F8}.Debug|Any CPU.ActiveCfg = Debug|Any CPU
		{725DF84B-0DB1-4134-8E93-EB39AF5CC2F8}.Debug|Any CPU.Build.0 = Debug|Any CPU
		{725DF84B-0DB1-4134-8E93-EB39AF5CC2F8}.Release|Any CPU.ActiveCfg = Release|Any CPU
		{725DF84B-0DB1-4134-8E93-EB39AF5CC2F8}.Release|Any CPU.Build.0 = Release|Any CPU
		{C0930BFE-589D-4243-BF75-7E5814EB5443}.Debug|Any CPU.ActiveCfg = Debug|Any CPU
		{C0930BFE-589D-4243-BF75-7E5814EB5443}.Debug|Any CPU.Build.0 = Debug|Any CPU
		{C0930BFE-589D-4243-BF75-7E5814EB5443}.Release|Any CPU.ActiveCfg = Release|Any CPU
		{C0930BFE-589D-4243-BF75-7E5814EB5443}.Release|Any CPU.Build.0 = Release|Any CPU
	EndGlobalSection
	GlobalSection(SolutionProperties) = preSolution
		HideSolutionNode = FALSE
	EndGlobalSection
	GlobalSection(ExtensibilityGlobals) = postSolution
		SolutionGuid = {C89173AC-8A20-4B93-80C2-57119065FE27}
	EndGlobalSection
EndGlobal
