
Microsoft Visual Studio Solution File, Format Version 12.00
# Visual Studio Version 17
VisualStudioVersion = 17.0.32014.148
MinimumVisualStudioVersion = 10.0.40219.1
Project("{9A19103F-16F7-4668-BE54-9A1E7A4F7556}") = "Vertica.Umbraco.Headless.Core", "src\Vertica.Umbraco.Headless.Core\Vertica.Umbraco.Headless.Core.csproj", "{26B262D1-5A3F-4B0C-A74C-884DB454721C}"
EndProject
Project("{9A19103F-16F7-4668-BE54-9A1E7A4F7556}") = "Vertica.Umbraco.Headless.Swagger", "src\Vertica.Umbraco.Headless.Swagger\Vertica.Umbraco.Headless.Swagger.csproj", "{EF3802F4-9B27-4CE4-8DF9-B2174E52580B}"
EndProject
Project("{FAE04EC0-301F-11D3-BF4B-00C04F79EFBC}") = "Vertica.Umbraco.Headless.BlockGrid", "src\Vertica.Umbraco.Headless.BlockGrid\Vertica.Umbraco.Headless.BlockGrid.csproj", "{0A5B3EF5-7DD2-489A-BFEA-CA4DCAB035FC}"
EndProject
Global
	GlobalSection(SolutionConfigurationPlatforms) = preSolution
		Debug|Any CPU = Debug|Any CPU
		Release|Any CPU = Release|Any CPU
	EndGlobalSection
	GlobalSection(ProjectConfigurationPlatforms) = postSolution
		{26B262D1-5A3F-4B0C-A74C-884DB454721C}.Debug|Any CPU.ActiveCfg = Debug|Any CPU
		{26B262D1-5A3F-4B0C-A74C-884DB454721C}.Debug|Any CPU.Build.0 = Debug|Any CPU
		{26B262D1-5A3F-4B0C-A74C-884DB454721C}.Release|Any CPU.ActiveCfg = Release|Any CPU
		{26B262D1-5A3F-4B0C-A74C-884DB454721C}.Release|Any CPU.Build.0 = Release|Any CPU
		{EF3802F4-9B27-4CE4-8DF9-B2174E52580B}.Debug|Any CPU.ActiveCfg = Debug|Any CPU
		{EF3802F4-9B27-4CE4-8DF9-B2174E52580B}.Debug|Any CPU.Build.0 = Debug|Any CPU
		{EF3802F4-9B27-4CE4-8DF9-B2174E52580B}.Release|Any CPU.ActiveCfg = Release|Any CPU
		{EF3802F4-9B27-4CE4-8DF9-B2174E52580B}.Release|Any CPU.Build.0 = Release|Any CPU
		{0A5B3EF5-7DD2-489A-BFEA-CA4DCAB035FC}.Debug|Any CPU.ActiveCfg = Debug|Any CPU
		{0A5B3EF5-7DD2-489A-BFEA-CA4DCAB035FC}.Debug|Any CPU.Build.0 = Debug|Any CPU
		{0A5B3EF5-7DD2-489A-BFEA-CA4DCAB035FC}.Release|Any CPU.ActiveCfg = Release|Any CPU
		{0A5B3EF5-7DD2-489A-BFEA-CA4DCAB035FC}.Release|Any CPU.Build.0 = Release|Any CPU
	EndGlobalSection
	GlobalSection(SolutionProperties) = preSolution
		HideSolutionNode = FALSE
	EndGlobalSection
	GlobalSection(ExtensibilityGlobals) = postSolution
		SolutionGuid = {C89173AC-8A20-4B93-80C2-57119065FE27}
	EndGlobalSection
EndGlobal
